
Microsoft Visual Studio Solution File, Format Version 12.00
# Blend for Visual Studio 14
VisualStudioVersion = 14.0.24720.0
MinimumVisualStudioVersion = 10.0.40219.1
Project("{FAE04EC0-301F-11D3-BF4B-00C04F79EFBC}") = "Bastille", "Bastille.csproj", "{EB583250-127B-48C4-9F99-B942FA09FCCC}"
EndProject
Global
	GlobalSection(SolutionConfigurationPlatforms) = preSolution
		Debug|ARM = Debug|ARM
		Debug|x64 = Debug|x64
		Debug|x86 = Debug|x86
		Release|ARM = Release|ARM
		Release|x64 = Release|x64
		Release|x86 = Release|x86
	EndGlobalSection
	GlobalSection(ProjectConfigurationPlatforms) = postSolution
		{EB583250-127B-48C4-9F99-B942FA09FCCC}.Debug|ARM.ActiveCfg = Debug|ARM
		{EB583250-127B-48C4-9F99-B942FA09FCCC}.Debug|ARM.Build.0 = Debug|ARM
		{EB583250-127B-48C4-9F99-B942FA09FCCC}.Debug|ARM.Deploy.0 = Debug|ARM
		{EB583250-127B-48C4-9F99-B942FA09FCCC}.Debug|x64.ActiveCfg = Debug|x64
		{EB583250-127B-48C4-9F99-B942FA09FCCC}.Debug|x64.Build.0 = Debug|x64
		{EB583250-127B-48C4-9F99-B942FA09FCCC}.Debug|x64.Deploy.0 = Debug|x64
		{EB583250-127B-48C4-9F99-B942FA09FCCC}.Debug|x86.ActiveCfg = Debug|x86
		{EB583250-127B-48C4-9F99-B942FA09FCCC}.Debug|x86.Build.0 = Debug|x86
		{EB583250-127B-48C4-9F99-B942FA09FCCC}.Debug|x86.Deploy.0 = Debug|x86
		{EB583250-127B-48C4-9F99-B942FA09FCCC}.Release|ARM.ActiveCfg = Release|ARM
		{EB583250-127B-48C4-9F99-B942FA09FCCC}.Release|ARM.Build.0 = Release|ARM
		{EB583250-127B-48C4-9F99-B942FA09FCCC}.Release|ARM.Deploy.0 = Release|ARM
		{EB583250-127B-48C4-9F99-B942FA09FCCC}.Release|x64.ActiveCfg = Release|x64
		{EB583250-127B-48C4-9F99-B942FA09FCCC}.Release|x64.Build.0 = Release|x64
		{EB583250-127B-48C4-9F99-B942FA09FCCC}.Release|x64.Deploy.0 = Release|x64
		{EB583250-127B-48C4-9F99-B942FA09FCCC}.Release|x86.ActiveCfg = Release|x86
		{EB583250-127B-48C4-9F99-B942FA09FCCC}.Release|x86.Build.0 = Release|x86
		{EB583250-127B-48C4-9F99-B942FA09FCCC}.Release|x86.Deploy.0 = Release|x86
	EndGlobalSection
	GlobalSection(SolutionProperties) = preSolution
		HideSolutionNode = FALSE
	EndGlobalSection
EndGlobal
